{
  "name": "bridgenet2",
  "version": "0.1.0",
  "lockfileVersion": 2,
  "requires": true,
  "packages": {
    "": {
      "name": "bridgenet2",
      "version": "0.1.0",
      "license": "MIT",
      "dependencies": {
        "@rbxts/types": "^1.0.649"
      }
    },
    "node_modules/@rbxts/types": {
      "version": "1.0.649",
      "resolved": "https://registry.npmjs.org/@rbxts/types/-/types-1.0.649.tgz",
      "integrity": "sha512-P4SlQVVVe3SiVlI0CDW2aiao9vIwUlsIL/HZaGMHij2dTXaJgi6gv69KM9A+UPbWoFragfi/VfVISjXJ42Q3ug=="
    }
  },
  "dependencies": {
    "@rbxts/types": {
      "version": "1.0.649",
      "resolved": "https://registry.npmjs.org/@rbxts/types/-/types-1.0.649.tgz",
      "integrity": "sha512-P4SlQVVVe3SiVlI0CDW2aiao9vIwUlsIL/HZaGMHij2dTXaJgi6gv69KM9A+UPbWoFragfi/VfVISjXJ42Q3ug=="
    }
  }
}
