{
  "name": "bridgenet2",
  "version": "0.1.0",
  "lockfileVersion": 2,
  "requires": true,
  "packages": {
    "": {
      "name": "bridgenet2",
      "version": "0.1.0",
      "license": "MIT",
      "dependencies": {
        "@rbxts/types": "^1.0.649"
      }
    },
    "node_modules/@rbxts/types": {
      "version": "1.0.651",
      "resolved": "https://registry.npmjs.org/@rbxts/types/-/types-1.0.651.tgz",
      "integrity": "sha512-rBQu/Q3zGtIK0uCy9icaiSt3zNfzxRmI7tPWNEiAKrIMa6fW4joEW6YCWetbh09j9rWBqT4kdzSJZ8Txrb3Z7A=="
    }
  },
  "dependencies": {
    "@rbxts/types": {
      "version": "1.0.651",
      "resolved": "https://registry.npmjs.org/@rbxts/types/-/types-1.0.651.tgz",
      "integrity": "sha512-rBQu/Q3zGtIK0uCy9icaiSt3zNfzxRmI7tPWNEiAKrIMa6fW4joEW6YCWetbh09j9rWBqT4kdzSJZ8Txrb3Z7A=="
    }
  }
}
