# This file is automatically @generated by Wally.
# It is not intended for manual editing.
registry = "test"

[[package]]
name = "ffrostfall/bridgenet2"
version = "1.0.0"
dependencies = [["RemotePacketSizeCounter", "pysephwasntavailable/remotepacketsizecounter@2.1.0"], ["signal", "ffrostfall/luausignal@0.2.1"]]

[[package]]
name = "ffrostfall/luausignal"
version = "0.2.1"
dependencies = []

[[package]]
name = "pysephwasntavailable/remotepacketsizecounter"
version = "2.1.0"
dependencies = []
